# Generated by buf. DO NOT EDIT.
version: v2
deps:
  - name: buf.build/elixir-protobuf/protobuf
    commit: d590dff383e94f28bacec0e8015c4daa
    digest: b5:fa4a17975e0ed6b54e3e7637d659a6358fb18ebd8a931462003cea62d43336fb02c8685076e4cb5129875b13f13c2c6dfe7205f2215d7666efdfc5cce836a2de
  - name: buf.build/protocolbuffers/wellknowntypes
    commit: 4e1ccfa6827947beb55974645a315b8d
    digest: b5:eb5228b1abd02064d6ff0248918500c1ec1ce7df69126af3f220c0b67d81ff45bdf9f016a8e66cd9c1e534f18afc6d8e090d400604c5331d551a68d05f7e7be9
  - name: buf.build/trogonstack/trogon-proto
    commit: 08301e2ee82941df8fc8d355b497965b
    digest: b5:76803ceaabe472b9cf1fe97ba171b562fbf554eba7a62629a063552849bd8b0f7a59a2f5ac3ab0502f52a16fb97b27275fe2cac4cd2182de1593aa535234076f
