# Generated by buf. DO NOT EDIT.
version: v2
deps:
  - name: buf.build/elixir-protobuf/protobuf
    commit: d590dff383e94f28bacec0e8015c4daa
    digest: b5:fa4a17975e0ed6b54e3e7637d659a6358fb18ebd8a931462003cea62d43336fb02c8685076e4cb5129875b13f13c2c6dfe7205f2215d7666efdfc5cce836a2de
  - name: buf.build/protocolbuffers/wellknowntypes
    commit: 4e1ccfa6827947beb55974645a315b8d
    digest: b5:eb5228b1abd02064d6ff0248918500c1ec1ce7df69126af3f220c0b67d81ff45bdf9f016a8e66cd9c1e534f18afc6d8e090d400604c5331d551a68d05f7e7be9
  - name: buf.build/trogonstack/trogon-proto
    commit: d08da3d18082472fa566246623c23327
    digest: b5:8a98812b4162cfd803c26e69e87ccb36e9cca0326d581841df944f87a3e4ad908ad5de9d1da1b51bd858d9c175a5289de133e6b3b6c885e8b81aa009c3b932bc
